
Microsoft Visual Studio Solution File, Format Version 12.00
# Visual Studio Version 18
VisualStudioVersion = 18.10.12201.205
MinimumVisualStudioVersion = 10.0.40219.1
Project("{2150E333-8FDC-42A3-9474-1A3956D46DE8}") = "Services", "Services", "{984BB9B3-3FA3-BE33-9484-CAC21695A33C}"
EndProject
Project("{FAE04EC0-301F-11D3-BF4B-00C04F79EFBC}") = "AuthApi", "Services\AuthApi\AuthApi.csproj", "{1EAFD1AF-2773-4AE1-9B80-F4CD16834500}"
EndProject
Project("{2150E333-8FDC-42A3-9474-1A3956D46DE8}") = "Shared", "Shared", "{C8E42992-5E42-0C2B-DBFE-AA848D06431C}"
EndProject
Project("{FAE04EC0-301F-11D3-BF4B-00C04F79EFBC}") = "Contracts", "Shared\Contracts\Contracts.csproj", "{7004B642-990A-4F01-A566-C8F39C3713CA}"
EndProject
Project("{FAE04EC0-301F-11D3-BF4B-00C04F79EFBC}") = "Infrastructure", "Shared\Infrastructure\Infrastructure.csproj", "{F96B8995-C227-4897-B75E-B5E098F00AF6}"
EndProject
Project("{FAE04EC0-301F-11D3-BF4B-00C04F79EFBC}") = "Common", "Shared\Common\Common.csproj", "{127DF57C-65F1-4B21-87E1-32690BE47450}"
EndProject
Project("{FAE04EC0-301F-11D3-BF4B-00C04F79EFBC}") = "LinkApi", "Services\LinkApi\LinkApi.csproj", "{97ACAC88-3EC2-4DC1-9042-D902E8B3631A}"
EndProject
Project("{FAE04EC0-301F-11D3-BF4B-00C04F79EFBC}") = "RedirectApi", "Services\RedirectApi\RedirectApi.csproj", "{D1312114-3FD8-49D3-B384-32ADE264FD4C}"
EndProject
Project("{FAE04EC0-301F-11D3-BF4B-00C04F79EFBC}") = "ShortenerService", "Services\ShortenerService\ShortenerService.csproj", "{EF629310-8861-4BF6-954A-33174B77C3AC}"
EndProject
Project("{FAE04EC0-301F-11D3-BF4B-00C04F79EFBC}") = "TrafficService", "Services\TrafficService\TrafficService.csproj", "{0C4461BF-C2FA-42EC-9583-F7E4FA438779}"
EndProject
Project("{2150E333-8FDC-42A3-9474-1A3956D46DE8}") = "tests", "tests", "{0AB3BF05-4346-4AA6-1389-037BE0695223}"
EndProject
Project("{FAE04EC0-301F-11D3-BF4B-00C04F79EFBC}") = "LinkApi.Tests", "tests\LinkApi.Tests\LinkApi.Tests.csproj", "{59CDD8E7-C199-4220-A77C-AAF5317EEAAE}"
EndProject
Project("{FAE04EC0-301F-11D3-BF4B-00C04F79EFBC}") = "RedirectApi.Tests", "tests\RedirectApi.Tests\RedirectApi.Tests.csproj", "{D9B2A25F-F003-4571-A38A-8ABC280B5B3A}"
EndProject
Project("{FAE04EC0-301F-11D3-BF4B-00C04F79EFBC}") = "Integration.Tests", "tests\Integration.Tests\Integration.Tests.csproj", "{DE1FF8F3-873F-41D9-891C-0A9D2C121BEF}"
EndProject
Project("{FAE04EC0-301F-11D3-BF4B-00C04F79EFBC}") = "ServiceDefaults", "Shared\ServiceDefaults\ServiceDefaults.csproj", "{EB0C0C13-9CB8-40FB-9761-55A97D04E372}"
EndProject
Project("{FAE04EC0-301F-11D3-BF4B-00C04F79EFBC}") = "Common.Tests", "tests\Common.Tests\Common.Tests.csproj", "{C7FAFC4B-B52B-4B11-A463-A6990FAFCA6C}"
EndProject
Project("{FAE04EC0-301F-11D3-BF4B-00C04F79EFBC}") = "AuthApi.Tests", "tests\AuthApi.Tests\AuthApi.Tests.csproj", "{3A56A405-8320-474A-9CC3-D5EA788F24EB}"
EndProject
Project("{FAE04EC0-301F-11D3-BF4B-00C04F79EFBC}") = "ShortenerService.Tests", "tests\ShortenerService.Tests\ShortenerService.Tests.csproj", "{616E397B-47FD-4996-BD3F-14A1631A7479}"
EndProject
Project("{FAE04EC0-301F-11D3-BF4B-00C04F79EFBC}") = "TrafficService.Tests", "tests\TrafficService.Tests\TrafficService.Tests.csproj", "{C09DEAA1-D9E6-4925-940B-113C86B26ADB}"
EndProject
Project("{FAE04EC0-301F-11D3-BF4B-00C04F79EFBC}") = "WebDefaults", "Shared\WebDefaults\WebDefaults.csproj", "{B3A17BC9-E837-40F7-A1C1-F229CE49DFA1}"
EndProject
Project("{FAE04EC0-301F-11D3-BF4B-00C04F79EFBC}") = "Infrastructure.Tests", "tests\Infrastructure.Tests\Infrastructure.Tests.csproj", "{587D0DDD-25A3-4E70-9016-8A73178C07DB}"
EndProject
Global
	GlobalSection(SolutionConfigurationPlatforms) = preSolution
		Debug|Any CPU = Debug|Any CPU
		Debug|x64 = Debug|x64
		Debug|x86 = Debug|x86
		Release|Any CPU = Release|Any CPU
		Release|x64 = Release|x64
		Release|x86 = Release|x86
	EndGlobalSection
	GlobalSection(ProjectConfigurationPlatforms) = postSolution
		{1EAFD1AF-2773-4AE1-9B80-F4CD16834500}.Debug|Any CPU.ActiveCfg = Debug|Any CPU
		{1EAFD1AF-2773-4AE1-9B80-F4CD16834500}.Debug|Any CPU.Build.0 = Debug|Any CPU
		{1EAFD1AF-2773-4AE1-9B80-F4CD16834500}.Debug|x64.ActiveCfg = Debug|Any CPU
		{1EAFD1AF-2773-4AE1-9B80-F4CD16834500}.Debug|x64.Build.0 = Debug|Any CPU
		{1EAFD1AF-2773-4AE1-9B80-F4CD16834500}.Debug|x86.ActiveCfg = Debug|Any CPU
		{1EAFD1AF-2773-4AE1-9B80-F4CD16834500}.Debug|x86.Build.0 = Debug|Any CPU
		{1EAFD1AF-2773-4AE1-9B80-F4CD16834500}.Release|Any CPU.ActiveCfg = Release|Any CPU
		{1EAFD1AF-2773-4AE1-9B80-F4CD16834500}.Release|Any CPU.Build.0 = Release|Any CPU
		{1EAFD1AF-2773-4AE1-9B80-F4CD16834500}.Release|x64.ActiveCfg = Release|Any CPU
		{1EAFD1AF-2773-4AE1-9B80-F4CD16834500}.Release|x64.Build.0 = Release|Any CPU
		{1EAFD1AF-2773-4AE1-9B80-F4CD16834500}.Release|x86.ActiveCfg = Release|Any CPU
		{1EAFD1AF-2773-4AE1-9B80-F4CD16834500}.Release|x86.Build.0 = Release|Any CPU
		{7004B642-990A-4F01-A566-C8F39C3713CA}.Debug|Any CPU.ActiveCfg = Debug|Any CPU
		{7004B642-990A-4F01-A566-C8F39C3713CA}.Debug|Any CPU.Build.0 = Debug|Any CPU
		{7004B642-990A-4F01-A566-C8F39C3713CA}.Debug|x64.ActiveCfg = Debug|Any CPU
		{7004B642-990A-4F01-A566-C8F39C3713CA}.Debug|x64.Build.0 = Debug|Any CPU
		{7004B642-990A-4F01-A566-C8F39C3713CA}.Debug|x86.ActiveCfg = Debug|Any CPU
		{7004B642-990A-4F01-A566-C8F39C3713CA}.Debug|x86.Build.0 = Debug|Any CPU
		{7004B642-990A-4F01-A566-C8F39C3713CA}.Release|Any CPU.ActiveCfg = Release|Any CPU
		{7004B642-990A-4F01-A566-C8F39C3713CA}.Release|Any CPU.Build.0 = Release|Any CPU
		{7004B642-990A-4F01-A566-C8F39C3713CA}.Release|x64.ActiveCfg = Release|Any CPU
		{7004B642-990A-4F01-A566-C8F39C3713CA}.Release|x64.Build.0 = Release|Any CPU
		{7004B642-990A-4F01-A566-C8F39C3713CA}.Release|x86.ActiveCfg = Release|Any CPU
		{7004B642-990A-4F01-A566-C8F39C3713CA}.Release|x86.Build.0 = Release|Any CPU
		{F96B8995-C227-4897-B75E-B5E098F00AF6}.Debug|Any CPU.ActiveCfg = Debug|Any CPU
		{F96B8995-C227-4897-B75E-B5E098F00AF6}.Debug|Any CPU.Build.0 = Debug|Any CPU
		{F96B8995-C227-4897-B75E-B5E098F00AF6}.Debug|x64.ActiveCfg = Debug|Any CPU
		{F96B8995-C227-4897-B75E-B5E098F00AF6}.Debug|x64.Build.0 = Debug|Any CPU
		{F96B8995-C227-4897-B75E-B5E098F00AF6}.Debug|x86.ActiveCfg = Debug|Any CPU
		{F96B8995-C227-4897-B75E-B5E098F00AF6}.Debug|x86.Build.0 = Debug|Any CPU
		{F96B8995-C227-4897-B75E-B5E098F00AF6}.Release|Any CPU.ActiveCfg = Release|Any CPU
		{F96B8995-C227-4897-B75E-B5E098F00AF6}.Release|Any CPU.Build.0 = Release|Any CPU
		{F96B8995-C227-4897-B75E-B5E098F00AF6}.Release|x64.ActiveCfg = Release|Any CPU
		{F96B8995-C227-4897-B75E-B5E098F00AF6}.Release|x64.Build.0 = Release|Any CPU
		{F96B8995-C227-4897-B75E-B5E098F00AF6}.Release|x86.ActiveCfg = Release|Any CPU
		{F96B8995-C227-4897-B75E-B5E098F00AF6}.Release|x86.Build.0 = Release|Any CPU
		{127DF57C-65F1-4B21-87E1-32690BE47450}.Debug|Any CPU.ActiveCfg = Debug|Any CPU
		{127DF57C-65F1-4B21-87E1-32690BE47450}.Debug|Any CPU.Build.0 = Debug|Any CPU
		{127DF57C-65F1-4B21-87E1-32690BE47450}.Debug|x64.ActiveCfg = Debug|Any CPU
		{127DF57C-65F1-4B21-87E1-32690BE47450}.Debug|x64.Build.0 = Debug|Any CPU
		{127DF57C-65F1-4B21-87E1-32690BE47450}.Debug|x86.ActiveCfg = Debug|Any CPU
		{127DF57C-65F1-4B21-87E1-32690BE47450}.Debug|x86.Build.0 = Debug|Any CPU
		{127DF57C-65F1-4B21-87E1-32690BE47450}.Release|Any CPU.ActiveCfg = Release|Any CPU
		{127DF57C-65F1-4B21-87E1-32690BE47450}.Release|Any CPU.Build.0 = Release|Any CPU
		{127DF57C-65F1-4B21-87E1-32690BE47450}.Release|x64.ActiveCfg = Release|Any CPU
		{127DF57C-65F1-4B21-87E1-32690BE47450}.Release|x64.Build.0 = Release|Any CPU
		{127DF57C-65F1-4B21-87E1-32690BE47450}.Release|x86.ActiveCfg = Release|Any CPU
		{127DF57C-65F1-4B21-87E1-32690BE47450}.Release|x86.Build.0 = Release|Any CPU
		{97ACAC88-3EC2-4DC1-9042-D902E8B3631A}.Debug|Any CPU.ActiveCfg = Debug|Any CPU
		{97ACAC88-3EC2-4DC1-9042-D902E8B3631A}.Debug|Any CPU.Build.0 = Debug|Any CPU
		{97ACAC88-3EC2-4DC1-9042-D902E8B3631A}.Debug|x64.ActiveCfg = Debug|Any CPU
		{97ACAC88-3EC2-4DC1-9042-D902E8B3631A}.Debug|x64.Build.0 = Debug|Any CPU
		{97ACAC88-3EC2-4DC1-9042-D902E8B3631A}.Debug|x86.ActiveCfg = Debug|Any CPU
		{97ACAC88-3EC2-4DC1-9042-D902E8B3631A}.Debug|x86.Build.0 = Debug|Any CPU
		{97ACAC88-3EC2-4DC1-9042-D902E8B3631A}.Release|Any CPU.ActiveCfg = Release|Any CPU
		{97ACAC88-3EC2-4DC1-9042-D902E8B3631A}.Release|Any CPU.Build.0 = Release|Any CPU
		{97ACAC88-3EC2-4DC1-9042-D902E8B3631A}.Release|x64.ActiveCfg = Release|Any CPU
		{97ACAC88-3EC2-4DC1-9042-D902E8B3631A}.Release|x64.Build.0 = Release|Any CPU
		{97ACAC88-3EC2-4DC1-9042-D902E8B3631A}.Release|x86.ActiveCfg = Release|Any CPU
		{97ACAC88-3EC2-4DC1-9042-D902E8B3631A}.Release|x86.Build.0 = Release|Any CPU
		{D1312114-3FD8-49D3-B384-32ADE264FD4C}.Debug|Any CPU.ActiveCfg = Debug|Any CPU
		{D1312114-3FD8-49D3-B384-32ADE264FD4C}.Debug|Any CPU.Build.0 = Debug|Any CPU
		{D1312114-3FD8-49D3-B384-32ADE264FD4C}.Debug|x64.ActiveCfg = Debug|Any CPU
		{D1312114-3FD8-49D3-B384-32ADE264FD4C}.Debug|x64.Build.0 = Debug|Any CPU
		{D1312114-3FD8-49D3-B384-32ADE264FD4C}.Debug|x86.ActiveCfg = Debug|Any CPU
		{D1312114-3FD8-49D3-B384-32ADE264FD4C}.Debug|x86.Build.0 = Debug|Any CPU
		{D1312114-3FD8-49D3-B384-32ADE264FD4C}.Release|Any CPU.ActiveCfg = Release|Any CPU
		{D1312114-3FD8-49D3-B384-32ADE264FD4C}.Release|Any CPU.Build.0 = Release|Any CPU
		{D1312114-3FD8-49D3-B384-32ADE264FD4C}.Release|x64.ActiveCfg = Release|Any CPU
		{D1312114-3FD8-49D3-B384-32ADE264FD4C}.Release|x64.Build.0 = Release|Any CPU
		{D1312114-3FD8-49D3-B384-32ADE264FD4C}.Release|x86.ActiveCfg = Release|Any CPU
		{D1312114-3FD8-49D3-B384-32ADE264FD4C}.Release|x86.Build.0 = Release|Any CPU
		{EF629310-8861-4BF6-954A-33174B77C3AC}.Debug|Any CPU.ActiveCfg = Debug|Any CPU
		{EF629310-8861-4BF6-954A-33174B77C3AC}.Debug|Any CPU.Build.0 = Debug|Any CPU
		{EF629310-8861-4BF6-954A-33174B77C3AC}.Debug|x64.ActiveCfg = Debug|Any CPU
		{EF629310-8861-4BF6-954A-33174B77C3AC}.Debug|x64.Build.0 = Debug|Any CPU
		{EF629310-8861-4BF6-954A-33174B77C3AC}.Debug|x86.ActiveCfg = Debug|Any CPU
		{EF629310-8861-4BF6-954A-33174B77C3AC}.Debug|x86.Build.0 = Debug|Any CPU
		{EF629310-8861-4BF6-954A-33174B77C3AC}.Release|Any CPU.ActiveCfg = Release|Any CPU
		{EF629310-8861-4BF6-954A-33174B77C3AC}.Release|Any CPU.Build.0 = Release|Any CPU
		{EF629310-8861-4BF6-954A-33174B77C3AC}.Release|x64.ActiveCfg = Release|Any CPU
		{EF629310-8861-4BF6-954A-33174B77C3AC}.Release|x64.Build.0 = Release|Any CPU
		{EF629310-8861-4BF6-954A-33174B77C3AC}.Release|x86.ActiveCfg = Release|Any CPU
		{EF629310-8861-4BF6-954A-33174B77C3AC}.Release|x86.Build.0 = Release|Any CPU
		{0C4461BF-C2FA-42EC-9583-F7E4FA438779}.Debug|Any CPU.ActiveCfg = Debug|Any CPU
		{0C4461BF-C2FA-42EC-9583-F7E4FA438779}.Debug|Any CPU.Build.0 = Debug|Any CPU
		{0C4461BF-C2FA-42EC-9583-F7E4FA438779}.Debug|x64.ActiveCfg = Debug|Any CPU
		{0C4461BF-C2FA-42EC-9583-F7E4FA438779}.Debug|x64.Build.0 = Debug|Any CPU
		{0C4461BF-C2FA-42EC-9583-F7E4FA438779}.Debug|x86.ActiveCfg = Debug|Any CPU
		{0C4461BF-C2FA-42EC-9583-F7E4FA438779}.Debug|x86.Build.0 = Debug|Any CPU
		{0C4461BF-C2FA-42EC-9583-F7E4FA438779}.Release|Any CPU.ActiveCfg = Release|Any CPU
		{0C4461BF-C2FA-42EC-9583-F7E4FA438779}.Release|Any CPU.Build.0 = Release|Any CPU
		{0C4461BF-C2FA-42EC-9583-F7E4FA438779}.Release|x64.ActiveCfg = Release|Any CPU
		{0C4461BF-C2FA-42EC-9583-F7E4FA438779}.Release|x64.Build.0 = Release|Any CPU
		{0C4461BF-C2FA-42EC-9583-F7E4FA438779}.Release|x86.ActiveCfg = Release|Any CPU
		{0C4461BF-C2FA-42EC-9583-F7E4FA438779}.Release|x86.Build.0 = Release|Any CPU
		{59CDD8E7-C199-4220-A77C-AAF5317EEAAE}.Debug|Any CPU.ActiveCfg = Debug|Any CPU
		{59CDD8E7-C199-4220-A77C-AAF5317EEAAE}.Debug|Any CPU.Build.0 = Debug|Any CPU
		{59CDD8E7-C199-4220-A77C-AAF5317EEAAE}.Debug|x64.ActiveCfg = Debug|Any CPU
		{59CDD8E7-C199-4220-A77C-AAF5317EEAAE}.Debug|x64.Build.0 = Debug|Any CPU
		{59CDD8E7-C199-4220-A77C-AAF5317EEAAE}.Debug|x86.ActiveCfg = Debug|Any CPU
		{59CDD8E7-C199-4220-A77C-AAF5317EEAAE}.Debug|x86.Build.0 = Debug|Any CPU
		{59CDD8E7-C199-4220-A77C-AAF5317EEAAE}.Release|Any CPU.ActiveCfg = Release|Any CPU
		{59CDD8E7-C199-4220-A77C-AAF5317EEAAE}.Release|Any CPU.Build.0 = Release|Any CPU
		{59CDD8E7-C199-4220-A77C-AAF5317EEAAE}.Release|x64.ActiveCfg = Release|Any CPU
		{59CDD8E7-C199-4220-A77C-AAF5317EEAAE}.Release|x64.Build.0 = Release|Any CPU
		{59CDD8E7-C199-4220-A77C-AAF5317EEAAE}.Release|x86.ActiveCfg = Release|Any CPU
		{59CDD8E7-C199-4220-A77C-AAF5317EEAAE}.Release|x86.Build.0 = Release|Any CPU
		{D9B2A25F-F003-4571-A38A-8ABC280B5B3A}.Debug|Any CPU.ActiveCfg = Debug|Any CPU
		{D9B2A25F-F003-4571-A38A-8ABC280B5B3A}.Debug|Any CPU.Build.0 = Debug|Any CPU
		{D9B2A25F-F003-4571-A38A-8ABC280B5B3A}.Debug|x64.ActiveCfg = Debug|Any CPU
		{D9B2A25F-F003-4571-A38A-8ABC280B5B3A}.Debug|x64.Build.0 = Debug|Any CPU
		{D9B2A25F-F003-4571-A38A-8ABC280B5B3A}.Debug|x86.ActiveCfg = Debug|Any CPU
		{D9B2A25F-F003-4571-A38A-8ABC280B5B3A}.Debug|x86.Build.0 = Debug|Any CPU
		{D9B2A25F-F003-4571-A38A-8ABC280B5B3A}.Release|Any CPU.ActiveCfg = Release|Any CPU
		{D9B2A25F-F003-4571-A38A-8ABC280B5B3A}.Release|Any CPU.Build.0 = Release|Any CPU
		{D9B2A25F-F003-4571-A38A-8ABC280B5B3A}.Release|x64.ActiveCfg = Release|Any CPU
		{D9B2A25F-F003-4571-A38A-8ABC280B5B3A}.Release|x64.Build.0 = Release|Any CPU
		{D9B2A25F-F003-4571-A38A-8ABC280B5B3A}.Release|x86.ActiveCfg = Release|Any CPU
		{D9B2A25F-F003-4571-A38A-8ABC280B5B3A}.Release|x86.Build.0 = Release|Any CPU
		{DE1FF8F3-873F-41D9-891C-0A9D2C121BEF}.Debug|Any CPU.ActiveCfg = Debug|Any CPU
		{DE1FF8F3-873F-41D9-891C-0A9D2C121BEF}.Debug|Any CPU.Build.0 = Debug|Any CPU
		{DE1FF8F3-873F-41D9-891C-0A9D2C121BEF}.Debug|x64.ActiveCfg = Debug|Any CPU
		{DE1FF8F3-873F-41D9-891C-0A9D2C121BEF}.Debug|x64.Build.0 = Debug|Any CPU
		{DE1FF8F3-873F-41D9-891C-0A9D2C121BEF}.Debug|x86.ActiveCfg = Debug|Any CPU
		{DE1FF8F3-873F-41D9-891C-0A9D2C121BEF}.Debug|x86.Build.0 = Debug|Any CPU
		{DE1FF8F3-873F-41D9-891C-0A9D2C121BEF}.Release|Any CPU.ActiveCfg = Release|Any CPU
		{DE1FF8F3-873F-41D9-891C-0A9D2C121BEF}.Release|Any CPU.Build.0 = Release|Any CPU
		{DE1FF8F3-873F-41D9-891C-0A9D2C121BEF}.Release|x64.ActiveCfg = Release|Any CPU
		{DE1FF8F3-873F-41D9-891C-0A9D2C121BEF}.Release|x64.Build.0 = Release|Any CPU
		{DE1FF8F3-873F-41D9-891C-0A9D2C121BEF}.Release|x86.ActiveCfg = Release|Any CPU
		{DE1FF8F3-873F-41D9-891C-0A9D2C121BEF}.Release|x86.Build.0 = Release|Any CPU
		{EB0C0C13-9CB8-40FB-9761-55A97D04E372}.Debug|Any CPU.ActiveCfg = Debug|Any CPU
		{EB0C0C13-9CB8-40FB-9761-55A97D04E372}.Debug|Any CPU.Build.0 = Debug|Any CPU
		{EB0C0C13-9CB8-40FB-9761-55A97D04E372}.Debug|x64.ActiveCfg = Debug|Any CPU
		{EB0C0C13-9CB8-40FB-9761-55A97D04E372}.Debug|x64.Build.0 = Debug|Any CPU
		{EB0C0C13-9CB8-40FB-9761-55A97D04E372}.Debug|x86.ActiveCfg = Debug|Any CPU
		{EB0C0C13-9CB8-40FB-9761-55A97D04E372}.Debug|x86.Build.0 = Debug|Any CPU
		{EB0C0C13-9CB8-40FB-9761-55A97D04E372}.Release|Any CPU.ActiveCfg = Release|Any CPU
		{EB0C0C13-9CB8-40FB-9761-55A97D04E372}.Release|Any CPU.Build.0 = Release|Any CPU
		{EB0C0C13-9CB8-40FB-9761-55A97D04E372}.Release|x64.ActiveCfg = Release|Any CPU
		{EB0C0C13-9CB8-40FB-9761-55A97D04E372}.Release|x64.Build.0 = Release|Any CPU
		{EB0C0C13-9CB8-40FB-9761-55A97D04E372}.Release|x86.ActiveCfg = Release|Any CPU
		{EB0C0C13-9CB8-40FB-9761-55A97D04E372}.Release|x86.Build.0 = Release|Any CPU
		{C7FAFC4B-B52B-4B11-A463-A6990FAFCA6C}.Debug|Any CPU.ActiveCfg = Debug|Any CPU
		{C7FAFC4B-B52B-4B11-A463-A6990FAFCA6C}.Debug|Any CPU.Build.0 = Debug|Any CPU
		{C7FAFC4B-B52B-4B11-A463-A6990FAFCA6C}.Debug|x64.ActiveCfg = Debug|Any CPU
		{C7FAFC4B-B52B-4B11-A463-A6990FAFCA6C}.Debug|x64.Build.0 = Debug|Any CPU
		{C7FAFC4B-B52B-4B11-A463-A6990FAFCA6C}.Debug|x86.ActiveCfg = Debug|Any CPU
		{C7FAFC4B-B52B-4B11-A463-A6990FAFCA6C}.Debug|x86.Build.0 = Debug|Any CPU
		{C7FAFC4B-B52B-4B11-A463-A6990FAFCA6C}.Release|Any CPU.ActiveCfg = Release|Any CPU
		{C7FAFC4B-B52B-4B11-A463-A6990FAFCA6C}.Release|Any CPU.Build.0 = Release|Any CPU
		{C7FAFC4B-B52B-4B11-A463-A6990FAFCA6C}.Release|x64.ActiveCfg = Release|Any CPU
		{C7FAFC4B-B52B-4B11-A463-A6990FAFCA6C}.Release|x64.Build.0 = Release|Any CPU
		{C7FAFC4B-B52B-4B11-A463-A6990FAFCA6C}.Release|x86.ActiveCfg = Release|Any CPU
		{C7FAFC4B-B52B-4B11-A463-A6990FAFCA6C}.Release|x86.Build.0 = Release|Any CPU
		{3A56A405-8320-474A-9CC3-D5EA788F24EB}.Debug|Any CPU.ActiveCfg = Debug|Any CPU
		{3A56A405-8320-474A-9CC3-D5EA788F24EB}.Debug|Any CPU.Build.0 = Debug|Any CPU
		{3A56A405-8320-474A-9CC3-D5EA788F24EB}.Debug|x64.ActiveCfg = Debug|Any CPU
		{3A56A405-8320-474A-9CC3-D5EA788F24EB}.Debug|x64.Build.0 = Debug|Any CPU
		{3A56A405-8320-474A-9CC3-D5EA788F24EB}.Debug|x86.ActiveCfg = Debug|Any CPU
		{3A56A405-8320-474A-9CC3-D5EA788F24EB}.Debug|x86.Build.0 = Debug|Any CPU
		{3A56A405-8320-474A-9CC3-D5EA788F24EB}.Release|Any CPU.ActiveCfg = Release|Any CPU
		{3A56A405-8320-474A-9CC3-D5EA788F24EB}.Release|Any CPU.Build.0 = Release|Any CPU
		{3A56A405-8320-474A-9CC3-D5EA788F24EB}.Release|x64.ActiveCfg = Release|Any CPU
		{3A56A405-8320-474A-9CC3-D5EA788F24EB}.Release|x64.Build.0 = Release|Any CPU
		{3A56A405-8320-474A-9CC3-D5EA788F24EB}.Release|x86.ActiveCfg = Release|Any CPU
		{3A56A405-8320-474A-9CC3-D5EA788F24EB}.Release|x86.Build.0 = Release|Any CPU
		{616E397B-47FD-4996-BD3F-14A1631A7479}.Debug|Any CPU.ActiveCfg = Debug|Any CPU
		{616E397B-47FD-4996-BD3F-14A1631A7479}.Debug|Any CPU.Build.0 = Debug|Any CPU
		{616E397B-47FD-4996-BD3F-14A1631A7479}.Debug|x64.ActiveCfg = Debug|Any CPU
		{616E397B-47FD-4996-BD3F-14A1631A7479}.Debug|x64.Build.0 = Debug|Any CPU
		{616E397B-47FD-4996-BD3F-14A1631A7479}.Debug|x86.ActiveCfg = Debug|Any CPU
		{616E397B-47FD-4996-BD3F-14A1631A7479}.Debug|x86.Build.0 = Debug|Any CPU
		{616E397B-47FD-4996-BD3F-14A1631A7479}.Release|Any CPU.ActiveCfg = Release|Any CPU
		{616E397B-47FD-4996-BD3F-14A1631A7479}.Release|Any CPU.Build.0 = Release|Any CPU
		{616E397B-47FD-4996-BD3F-14A1631A7479}.Release|x64.ActiveCfg = Release|Any CPU
		{616E397B-47FD-4996-BD3F-14A1631A7479}.Release|x64.Build.0 = Release|Any CPU
		{616E397B-47FD-4996-BD3F-14A1631A7479}.Release|x86.ActiveCfg = Release|Any CPU
		{616E397B-47FD-4996-BD3F-14A1631A7479}.Release|x86.Build.0 = Release|Any CPU
		{C09DEAA1-D9E6-4925-940B-113C86B26ADB}.Debug|Any CPU.ActiveCfg = Debug|Any CPU
		{C09DEAA1-D9E6-4925-940B-113C86B26ADB}.Debug|Any CPU.Build.0 = Debug|Any CPU
		{C09DEAA1-D9E6-4925-940B-113C86B26ADB}.Debug|x64.ActiveCfg = Debug|Any CPU
		{C09DEAA1-D9E6-4925-940B-113C86B26ADB}.Debug|x64.Build.0 = Debug|Any CPU
		{C09DEAA1-D9E6-4925-940B-113C86B26ADB}.Debug|x86.ActiveCfg = Debug|Any CPU
		{C09DEAA1-D9E6-4925-940B-113C86B26ADB}.Debug|x86.Build.0 = Debug|Any CPU
		{C09DEAA1-D9E6-4925-940B-113C86B26ADB}.Release|Any CPU.ActiveCfg = Release|Any CPU
		{C09DEAA1-D9E6-4925-940B-113C86B26ADB}.Release|Any CPU.Build.0 = Release|Any CPU
		{C09DEAA1-D9E6-4925-940B-113C86B26ADB}.Release|x64.ActiveCfg = Release|Any CPU
		{C09DEAA1-D9E6-4925-940B-113C86B26ADB}.Release|x64.Build.0 = Release|Any CPU
		{C09DEAA1-D9E6-4925-940B-113C86B26ADB}.Release|x86.ActiveCfg = Release|Any CPU
		{C09DEAA1-D9E6-4925-940B-113C86B26ADB}.Release|x86.Build.0 = Release|Any CPU
		{B3A17BC9-E837-40F7-A1C1-F229CE49DFA1}.Debug|Any CPU.ActiveCfg = Debug|Any CPU
		{B3A17BC9-E837-40F7-A1C1-F229CE49DFA1}.Debug|Any CPU.Build.0 = Debug|Any CPU
		{B3A17BC9-E837-40F7-A1C1-F229CE49DFA1}.Debug|x64.ActiveCfg = Debug|Any CPU
		{B3A17BC9-E837-40F7-A1C1-F229CE49DFA1}.Debug|x64.Build.0 = Debug|Any CPU
		{B3A17BC9-E837-40F7-A1C1-F229CE49DFA1}.Debug|x86.ActiveCfg = Debug|Any CPU
		{B3A17BC9-E837-40F7-A1C1-F229CE49DFA1}.Debug|x86.Build.0 = Debug|Any CPU
		{B3A17BC9-E837-40F7-A1C1-F229CE49DFA1}.Release|Any CPU.ActiveCfg = Release|Any CPU
		{B3A17BC9-E837-40F7-A1C1-F229CE49DFA1}.Release|Any CPU.Build.0 = Release|Any CPU
		{B3A17BC9-E837-40F7-A1C1-F229CE49DFA1}.Release|x64.ActiveCfg = Release|Any CPU
		{B3A17BC9-E837-40F7-A1C1-F229CE49DFA1}.Release|x64.Build.0 = Release|Any CPU
		{B3A17BC9-E837-40F7-A1C1-F229CE49DFA1}.Release|x86.ActiveCfg = Release|Any CPU
		{B3A17BC9-E837-40F7-A1C1-F229CE49DFA1}.Release|x86.Build.0 = Release|Any CPU
		{587D0DDD-25A3-4E70-9016-8A73178C07DB}.Debug|Any CPU.ActiveCfg = Debug|Any CPU
		{587D0DDD-25A3-4E70-9016-8A73178C07DB}.Debug|Any CPU.Build.0 = Debug|Any CPU
		{587D0DDD-25A3-4E70-9016-8A73178C07DB}.Debug|x64.ActiveCfg = Debug|Any CPU
		{587D0DDD-25A3-4E70-9016-8A73178C07DB}.Debug|x64.Build.0 = Debug|Any CPU
		{587D0DDD-25A3-4E70-9016-8A73178C07DB}.Debug|x86.ActiveCfg = Debug|Any CPU
		{587D0DDD-25A3-4E70-9016-8A73178C07DB}.Debug|x86.Build.0 = Debug|Any CPU
		{587D0DDD-25A3-4E70-9016-8A73178C07DB}.Release|Any CPU.ActiveCfg = Release|Any CPU
		{587D0DDD-25A3-4E70-9016-8A73178C07DB}.Release|Any CPU.Build.0 = Release|Any CPU
		{587D0DDD-25A3-4E70-9016-8A73178C07DB}.Release|x64.ActiveCfg = Release|Any CPU
		{587D0DDD-25A3-4E70-9016-8A73178C07DB}.Release|x64.Build.0 = Release|Any CPU
		{587D0DDD-25A3-4E70-9016-8A73178C07DB}.Release|x86.ActiveCfg = Release|Any CPU
		{587D0DDD-25A3-4E70-9016-8A73178C07DB}.Release|x86.Build.0 = Release|Any CPU
	EndGlobalSection
	GlobalSection(SolutionProperties) = preSolution
		HideSolutionNode = FALSE
	EndGlobalSection
	GlobalSection(NestedProjects) = preSolution
		{1EAFD1AF-2773-4AE1-9B80-F4CD16834500} = {984BB9B3-3FA3-BE33-9484-CAC21695A33C}
		{7004B642-990A-4F01-A566-C8F39C3713CA} = {C8E42992-5E42-0C2B-DBFE-AA848D06431C}
		{F96B8995-C227-4897-B75E-B5E098F00AF6} = {C8E42992-5E42-0C2B-DBFE-AA848D06431C}
		{127DF57C-65F1-4B21-87E1-32690BE47450} = {C8E42992-5E42-0C2B-DBFE-AA848D06431C}
		{97ACAC88-3EC2-4DC1-9042-D902E8B3631A} = {984BB9B3-3FA3-BE33-9484-CAC21695A33C}
		{D1312114-3FD8-49D3-B384-32ADE264FD4C} = {984BB9B3-3FA3-BE33-9484-CAC21695A33C}
		{EF629310-8861-4BF6-954A-33174B77C3AC} = {984BB9B3-3FA3-BE33-9484-CAC21695A33C}
		{0C4461BF-C2FA-42EC-9583-F7E4FA438779} = {984BB9B3-3FA3-BE33-9484-CAC21695A33C}
		{59CDD8E7-C199-4220-A77C-AAF5317EEAAE} = {0AB3BF05-4346-4AA6-1389-037BE0695223}
		{D9B2A25F-F003-4571-A38A-8ABC280B5B3A} = {0AB3BF05-4346-4AA6-1389-037BE0695223}
		{DE1FF8F3-873F-41D9-891C-0A9D2C121BEF} = {0AB3BF05-4346-4AA6-1389-037BE0695223}
		{EB0C0C13-9CB8-40FB-9761-55A97D04E372} = {C8E42992-5E42-0C2B-DBFE-AA848D06431C}
		{C7FAFC4B-B52B-4B11-A463-A6990FAFCA6C} = {0AB3BF05-4346-4AA6-1389-037BE0695223}
		{3A56A405-8320-474A-9CC3-D5EA788F24EB} = {0AB3BF05-4346-4AA6-1389-037BE0695223}
		{616E397B-47FD-4996-BD3F-14A1631A7479} = {0AB3BF05-4346-4AA6-1389-037BE0695223}
		{C09DEAA1-D9E6-4925-940B-113C86B26ADB} = {0AB3BF05-4346-4AA6-1389-037BE0695223}
		{B3A17BC9-E837-40F7-A1C1-F229CE49DFA1} = {C8E42992-5E42-0C2B-DBFE-AA848D06431C}
		{587D0DDD-25A3-4E70-9016-8A73178C07DB} = {0AB3BF05-4346-4AA6-1389-037BE0695223}
	EndGlobalSection
	GlobalSection(ExtensibilityGlobals) = postSolution
		SolutionGuid = {90C94F87-79D8-4ABF-A85A-BF1BEFCE0DB2}
	EndGlobalSection
EndGlobal
